// !$*UTF8*$!
{
	archiveVersion = 1;
	classes = {
	};
	objectVersion = 50;
	objects = {

/* Begin PBXBuildFile section */
		383768FD23CE315F00AA4261 /* FollowerListViewController.swift in Sources */ = {isa = PBXBuildFile; fileRef = 383768FC23CE315F00AA4261 /* FollowerListViewController.swift */; };
		383768FF23CE397700AA4261 /* DFTitleLabel.swift in Sources */ = {isa = PBXBuildFile; fileRef = 383768FE23CE397700AA4261 /* DFTitleLabel.swift */; };
		3837690123CE398D00AA4261 /* DFBodyLabel.swift in Sources */ = {isa = PBXBuildFile; fileRef = 3837690023CE398D00AA4261 /* DFBodyLabel.swift */; };
		3837690323CE39CF00AA4261 /* DFAlertViewController.swift in Sources */ = {isa = PBXBuildFile; fileRef = 3837690223CE39CF00AA4261 /* DFAlertViewController.swift */; };
		3837690723CF31DE00AA4261 /* UIViewController+Ext.swift in Sources */ = {isa = PBXBuildFile; fileRef = 3837690623CF31DE00AA4261 /* UIViewController+Ext.swift */; };
		3837690C23D3520C00AA4261 /* Follower.swift in Sources */ = {isa = PBXBuildFile; fileRef = 3837690B23D3520C00AA4261 /* Follower.swift */; };
		3837690E23D352CA00AA4261 /* User.swift in Sources */ = {isa = PBXBuildFile; fileRef = 3837690D23D352CA00AA4261 /* User.swift */; };
		3837691123D356C100AA4261 /* NetworkManager.swift in Sources */ = {isa = PBXBuildFile; fileRef = 3837691023D356C100AA4261 /* NetworkManager.swift */; };
		3837691423D613CB00AA4261 /* ErrorMessage.swift in Sources */ = {isa = PBXBuildFile; fileRef = 3837691323D613CB00AA4261 /* ErrorMessage.swift */; };
		3837691723D61C2500AA4261 /* FollowerCell.swift in Sources */ = {isa = PBXBuildFile; fileRef = 3837691623D61C2500AA4261 /* FollowerCell.swift */; };
		3837691923D61C8E00AA4261 /* DFAvatarImageView.swift in Sources */ = {isa = PBXBuildFile; fileRef = 3837691823D61C8E00AA4261 /* DFAvatarImageView.swift */; };
		384BC8EE23CCDE4D00BF22A7 /* AppDelegate.swift in Sources */ = {isa = PBXBuildFile; fileRef = 384BC8ED23CCDE4D00BF22A7 /* AppDelegate.swift */; };
		384BC8F023CCDE4D00BF22A7 /* SceneDelegate.swift in Sources */ = {isa = PBXBuildFile; fileRef = 384BC8EF23CCDE4D00BF22A7 /* SceneDelegate.swift */; };
		384BC8F723CCDE4F00BF22A7 /* Assets.xcassets in Resources */ = {isa = PBXBuildFile; fileRef = 384BC8F623CCDE4F00BF22A7 /* Assets.xcassets */; };
		384BC8FA23CCDE4F00BF22A7 /* LaunchScreen.storyboard in Resources */ = {isa = PBXBuildFile; fileRef = 384BC8F823CCDE4F00BF22A7 /* LaunchScreen.storyboard */; };
		384BC90223CCE4D600BF22A7 /* SearchViewController.swift in Sources */ = {isa = PBXBuildFile; fileRef = 384BC90123CCE4D600BF22A7 /* SearchViewController.swift */; };
		384BC90423CCE4FF00BF22A7 /* FavouriteListViewController.swift in Sources */ = {isa = PBXBuildFile; fileRef = 384BC90323CCE4FF00BF22A7 /* FavouriteListViewController.swift */; };
		384BC92623CE00B000BF22A7 /* DFButton.swift in Sources */ = {isa = PBXBuildFile; fileRef = 384BC92523CE00B000BF22A7 /* DFButton.swift */; };
		384BC92823CE0E0C00BF22A7 /* DFTextField.swift in Sources */ = {isa = PBXBuildFile; fileRef = 384BC92723CE0E0C00BF22A7 /* DFTextField.swift */; };
/* End PBXBuildFile section */

/* Begin PBXFileReference section */
		383768FC23CE315F00AA4261 /* FollowerListViewController.swift */ = {isa = PBXFileReference; lastKnownFileType = sourcecode.swift; path = FollowerListViewController.swift; sourceTree = "<group>"; };
		383768FE23CE397700AA4261 /* DFTitleLabel.swift */ = {isa = PBXFileReference; lastKnownFileType = sourcecode.swift; path = DFTitleLabel.swift; sourceTree = "<group>"; };
		3837690023CE398D00AA4261 /* DFBodyLabel.swift */ = {isa = PBXFileReference; lastKnownFileType = sourcecode.swift; path = DFBodyLabel.swift; sourceTree = "<group>"; };
		3837690223CE39CF00AA4261 /* DFAlertViewController.swift */ = {isa = PBXFileReference; lastKnownFileType = sourcecode.swift; path = DFAlertViewController.swift; sourceTree = "<group>"; };
		3837690623CF31DE00AA4261 /* UIViewController+Ext.swift */ = {isa = PBXFileReference; lastKnownFileType = sourcecode.swift; path = "UIViewController+Ext.swift"; sourceTree = "<group>"; };
		3837690B23D3520C00AA4261 /* Follower.swift */ = {isa = PBXFileReference; lastKnownFileType = sourcecode.swift; path = Follower.swift; sourceTree = "<group>"; };
		3837690D23D352CA00AA4261 /* User.swift */ = {isa = PBXFileReference; lastKnownFileType = sourcecode.swift; path = User.swift; sourceTree = "<group>"; };
		3837691023D356C100AA4261 /* NetworkManager.swift */ = {isa = PBXFileReference; lastKnownFileType = sourcecode.swift; path = NetworkManager.swift; sourceTree = "<group>"; };
		3837691323D613CB00AA4261 /* ErrorMessage.swift */ = {isa = PBXFileReference; lastKnownFileType = sourcecode.swift; path = ErrorMessage.swift; sourceTree = "<group>"; };
		3837691623D61C2500AA4261 /* FollowerCell.swift */ = {isa = PBXFileReference; lastKnownFileType = sourcecode.swift; path = FollowerCell.swift; sourceTree = "<group>"; };
		3837691823D61C8E00AA4261 /* DFAvatarImageView.swift */ = {isa = PBXFileReference; lastKnownFileType = sourcecode.swift; path = DFAvatarImageView.swift; sourceTree = "<group>"; };
		384BC8EA23CCDE4D00BF22A7 /* Github-Search-App.app */ = {isa = PBXFileReference; explicitFileType = wrapper.application; includeInIndex = 0; path = "Github-Search-App.app"; sourceTree = BUILT_PRODUCTS_DIR; };
		384BC8ED23CCDE4D00BF22A7 /* AppDelegate.swift */ = {isa = PBXFileReference; lastKnownFileType = sourcecode.swift; path = AppDelegate.swift; sourceTree = "<group>"; };
		384BC8EF23CCDE4D00BF22A7 /* SceneDelegate.swift */ = {isa = PBXFileReference; lastKnownFileType = sourcecode.swift; path = SceneDelegate.swift; sourceTree = "<group>"; };
		384BC8F623CCDE4F00BF22A7 /* Assets.xcassets */ = {isa = PBXFileReference; lastKnownFileType = folder.assetcatalog; path = Assets.xcassets; sourceTree = "<group>"; };
		384BC8F923CCDE4F00BF22A7 /* Base */ = {isa = PBXFileReference; lastKnownFileType = file.storyboard; name = Base; path = Base.lproj/LaunchScreen.storyboard; sourceTree = "<group>"; };
		384BC8FB23CCDE4F00BF22A7 /* Info.plist */ = {isa = PBXFileReference; lastKnownFileType = text.plist.xml; path = Info.plist; sourceTree = "<group>"; };
		384BC90123CCE4D600BF22A7 /* SearchViewController.swift */ = {isa = PBXFileReference; lastKnownFileType = sourcecode.swift; path = SearchViewController.swift; sourceTree = "<group>"; };
		384BC90323CCE4FF00BF22A7 /* FavouriteListViewController.swift */ = {isa = PBXFileReference; lastKnownFileType = sourcecode.swift; path = FavouriteListViewController.swift; sourceTree = "<group>"; };
		384BC92523CE00B000BF22A7 /* DFButton.swift */ = {isa = PBXFileReference; lastKnownFileType = sourcecode.swift; path = DFButton.swift; sourceTree = "<group>"; };
		384BC92723CE0E0C00BF22A7 /* DFTextField.swift */ = {isa = PBXFileReference; lastKnownFileType = sourcecode.swift; path = DFTextField.swift; sourceTree = "<group>"; };
/* End PBXFileReference section */

/* Begin PBXFrameworksBuildPhase section */
		384BC8E723CCDE4D00BF22A7 /* Frameworks */ = {
			isa = PBXFrameworksBuildPhase;
			buildActionMask = 2147483647;
			files = (
			);
			runOnlyForDeploymentPostprocessing = 0;
		};
/* End PBXFrameworksBuildPhase section */

/* Begin PBXGroup section */
		3837690423CE39D600AA4261 /* Custom Components */ = {
			isa = PBXGroup;
			children = (
				3837691523D61BFA00AA4261 /* Cells */,
				383768FE23CE397700AA4261 /* DFTitleLabel.swift */,
				3837690023CE398D00AA4261 /* DFBodyLabel.swift */,
				3837690223CE39CF00AA4261 /* DFAlertViewController.swift */,
				384BC92523CE00B000BF22A7 /* DFButton.swift */,
				384BC92723CE0E0C00BF22A7 /* DFTextField.swift */,
				3837691823D61C8E00AA4261 /* DFAvatarImageView.swift */,
			);
			path = "Custom Components";
			sourceTree = "<group>";
		};
		3837690523CE39FE00AA4261 /* ViewControllers */ = {
			isa = PBXGroup;
			children = (
				384BC90123CCE4D600BF22A7 /* SearchViewController.swift */,
				383768FC23CE315F00AA4261 /* FollowerListViewController.swift */,
				384BC90323CCE4FF00BF22A7 /* FavouriteListViewController.swift */,
			);
			path = ViewControllers;
			sourceTree = "<group>";
		};
		3837690823CF350100AA4261 /* Extensions */ = {
			isa = PBXGroup;
			children = (
				3837690623CF31DE00AA4261 /* UIViewController+Ext.swift */,
			);
			path = Extensions;
			sourceTree = "<group>";
		};
		3837690923CF356200AA4261 /* Support */ = {
			isa = PBXGroup;
			children = (
				384BC8F623CCDE4F00BF22A7 /* Assets.xcassets */,
				384BC8F823CCDE4F00BF22A7 /* LaunchScreen.storyboard */,
				384BC8ED23CCDE4D00BF22A7 /* AppDelegate.swift */,
				384BC8EF23CCDE4D00BF22A7 /* SceneDelegate.swift */,
			);
			path = Support;
			sourceTree = "<group>";
		};
		3837690A23D351EC00AA4261 /* Model */ = {
			isa = PBXGroup;
			children = (
				3837690B23D3520C00AA4261 /* Follower.swift */,
				3837690D23D352CA00AA4261 /* User.swift */,
			);
			path = Model;
			sourceTree = "<group>";
		};
		3837690F23D356B000AA4261 /* Managers */ = {
			isa = PBXGroup;
			children = (
				3837691023D356C100AA4261 /* NetworkManager.swift */,
			);
			path = Managers;
			sourceTree = "<group>";
		};
		3837691223D6139100AA4261 /* Utilities */ = {
			isa = PBXGroup;
			children = (
				3837691323D613CB00AA4261 /* ErrorMessage.swift */,
			);
			path = Utilities;
			sourceTree = "<group>";
		};
		3837691523D61BFA00AA4261 /* Cells */ = {
			isa = PBXGroup;
			children = (
				3837691623D61C2500AA4261 /* FollowerCell.swift */,
			);
			path = Cells;
			sourceTree = "<group>";
		};
		384BC8E123CCDE4D00BF22A7 = {
			isa = PBXGroup;
			children = (
				384BC8EC23CCDE4D00BF22A7 /* Github-Search-App */,
				384BC8FB23CCDE4F00BF22A7 /* Info.plist */,
				384BC8EB23CCDE4D00BF22A7 /* Products */,
			);
			sourceTree = "<group>";
		};
		384BC8EB23CCDE4D00BF22A7 /* Products */ = {
			isa = PBXGroup;
			children = (
				384BC8EA23CCDE4D00BF22A7 /* Github-Search-App.app */,
			);
			name = Products;
			sourceTree = "<group>";
		};
		384BC8EC23CCDE4D00BF22A7 /* Github-Search-App */ = {
			isa = PBXGroup;
			children = (
				3837691223D6139100AA4261 /* Utilities */,
				3837690F23D356B000AA4261 /* Managers */,
				3837690923CF356200AA4261 /* Support */,
				3837690823CF350100AA4261 /* Extensions */,
				3837690A23D351EC00AA4261 /* Model */,
				3837690523CE39FE00AA4261 /* ViewControllers */,
				3837690423CE39D600AA4261 /* Custom Components */,
			);
			path = "Github-Search-App";
			sourceTree = "<group>";
		};
/* End PBXGroup section */

/* Begin PBXNativeTarget section */
		384BC8E923CCDE4D00BF22A7 /* Github-Search-App */ = {
			isa = PBXNativeTarget;
			buildConfigurationList = 384BC8FE23CCDE4F00BF22A7 /* Build configuration list for PBXNativeTarget "Github-Search-App" */;
			buildPhases = (
				384BC8E623CCDE4D00BF22A7 /* Sources */,
				384BC8E723CCDE4D00BF22A7 /* Frameworks */,
				384BC8E823CCDE4D00BF22A7 /* Resources */,
			);
			buildRules = (
			);
			dependencies = (
			);
			name = "Github-Search-App";
			productName = "Github-Search-App";
			productReference = 384BC8EA23CCDE4D00BF22A7 /* Github-Search-App.app */;
			productType = "com.apple.product-type.application";
		};
/* End PBXNativeTarget section */

/* Begin PBXProject section */
		384BC8E223CCDE4D00BF22A7 /* Project object */ = {
			isa = PBXProject;
			attributes = {
				LastSwiftUpdateCheck = 1130;
				LastUpgradeCheck = 1130;
				ORGANIZATIONNAME = Popdeem;
				TargetAttributes = {
					384BC8E923CCDE4D00BF22A7 = {
						CreatedOnToolsVersion = 11.3;
					};
				};
			};
			buildConfigurationList = 384BC8E523CCDE4D00BF22A7 /* Build configuration list for PBXProject "Github-Search-App" */;
			compatibilityVersion = "Xcode 9.3";
			developmentRegion = en;
			hasScannedForEncodings = 0;
			knownRegions = (
				en,
				Base,
			);
			mainGroup = 384BC8E123CCDE4D00BF22A7;
			productRefGroup = 384BC8EB23CCDE4D00BF22A7 /* Products */;
			projectDirPath = "";
			projectRoot = "";
			targets = (
				384BC8E923CCDE4D00BF22A7 /* Github-Search-App */,
			);
		};
/* End PBXProject section */

/* Begin PBXResourcesBuildPhase section */
		384BC8E823CCDE4D00BF22A7 /* Resources */ = {
			isa = PBXResourcesBuildPhase;
			buildActionMask = 2147483647;
			files = (
				384BC8FA23CCDE4F00BF22A7 /* LaunchScreen.storyboard in Resources */,
				384BC8F723CCDE4F00BF22A7 /* Assets.xcassets in Resources */,
			);
			runOnlyForDeploymentPostprocessing = 0;
		};
/* End PBXResourcesBuildPhase section */

/* Begin PBXSourcesBuildPhase section */
		384BC8E623CCDE4D00BF22A7 /* Sources */ = {
			isa = PBXSourcesBuildPhase;
			buildActionMask = 2147483647;
			files = (
				3837690E23D352CA00AA4261 /* User.swift in Sources */,
				384BC90423CCE4FF00BF22A7 /* FavouriteListViewController.swift in Sources */,
				3837690323CE39CF00AA4261 /* DFAlertViewController.swift in Sources */,
				3837690123CE398D00AA4261 /* DFBodyLabel.swift in Sources */,
				3837691923D61C8E00AA4261 /* DFAvatarImageView.swift in Sources */,
				3837690723CF31DE00AA4261 /* UIViewController+Ext.swift in Sources */,
				383768FF23CE397700AA4261 /* DFTitleLabel.swift in Sources */,
				384BC92823CE0E0C00BF22A7 /* DFTextField.swift in Sources */,
				3837691723D61C2500AA4261 /* FollowerCell.swift in Sources */,
				3837691423D613CB00AA4261 /* ErrorMessage.swift in Sources */,
				384BC90223CCE4D600BF22A7 /* SearchViewController.swift in Sources */,
				3837690C23D3520C00AA4261 /* Follower.swift in Sources */,
				383768FD23CE315F00AA4261 /* FollowerListViewController.swift in Sources */,
				3837691123D356C100AA4261 /* NetworkManager.swift in Sources */,
				384BC92623CE00B000BF22A7 /* DFButton.swift in Sources */,
				384BC8EE23CCDE4D00BF22A7 /* AppDelegate.swift in Sources */,
				384BC8F023CCDE4D00BF22A7 /* SceneDelegate.swift in Sources */,
			);
			runOnlyForDeploymentPostprocessing = 0;
		};
/* End PBXSourcesBuildPhase section */

/* Begin PBXVariantGroup section */
		384BC8F823CCDE4F00BF22A7 /* LaunchScreen.storyboard */ = {
			isa = PBXVariantGroup;
			children = (
				384BC8F923CCDE4F00BF22A7 /* Base */,
			);
			name = LaunchScreen.storyboard;
			sourceTree = "<group>";
		};
/* End PBXVariantGroup section */

/* Begin XCBuildConfiguration section */
		384BC8FC23CCDE4F00BF22A7 /* Debug */ = {
			isa = XCBuildConfiguration;
			buildSettings = {
				ALWAYS_SEARCH_USER_PATHS = NO;
				CLANG_ANALYZER_NONNULL = YES;
				CLANG_ANALYZER_NUMBER_OBJECT_CONVERSION = YES_AGGRESSIVE;
				CLANG_CXX_LANGUAGE_STANDARD = "gnu++14";
				CLANG_CXX_LIBRARY = "libc++";
				CLANG_ENABLE_MODULES = YES;
				CLANG_ENABLE_OBJC_ARC = YES;
				CLANG_ENABLE_OBJC_WEAK = YES;
				CLANG_WARN_BLOCK_CAPTURE_AUTORELEASING = YES;
				CLANG_WARN_BOOL_CONVERSION = YES;
				CLANG_WARN_COMMA = YES;
				CLANG_WARN_CONSTANT_CONVERSION = YES;
				CLANG_WARN_DEPRECATED_OBJC_IMPLEMENTATIONS = YES;
				CLANG_WARN_DIRECT_OBJC_ISA_USAGE = YES_ERROR;
				CLANG_WARN_DOCUMENTATION_COMMENTS = YES;
				CLANG_WARN_EMPTY_BODY = YES;
				CLANG_WARN_ENUM_CONVERSION = YES;
				CLANG_WARN_INFINITE_RECURSION = YES;
				CLANG_WARN_INT_CONVERSION = YES;
				CLANG_WARN_NON_LITERAL_NULL_CONVERSION = YES;
				CLANG_WARN_OBJC_IMPLICIT_RETAIN_SELF = YES;
				CLANG_WARN_OBJC_LITERAL_CONVERSION = YES;
				CLANG_WARN_OBJC_ROOT_CLASS = YES_ERROR;
				CLANG_WARN_RANGE_LOOP_ANALYSIS = YES;
				CLANG_WARN_STRICT_PROTOTYPES = YES;
				CLANG_WARN_SUSPICIOUS_MOVE = YES;
				CLANG_WARN_UNGUARDED_AVAILABILITY = YES_AGGRESSIVE;
				CLANG_WARN_UNREACHABLE_CODE = YES;
				CLANG_WARN__DUPLICATE_METHOD_MATCH = YES;
				COPY_PHASE_STRIP = NO;
				DEBUG_INFORMATION_FORMAT = dwarf;
				ENABLE_STRICT_OBJC_MSGSEND = YES;
				ENABLE_TESTABILITY = YES;
				GCC_C_LANGUAGE_STANDARD = gnu11;
				GCC_DYNAMIC_NO_PIC = NO;
				GCC_NO_COMMON_BLOCKS = YES;
				GCC_OPTIMIZATION_LEVEL = 0;
				GCC_PREPROCESSOR_DEFINITIONS = (
					"DEBUG=1",
					"$(inherited)",
				);
				GCC_WARN_64_TO_32_BIT_CONVERSION = YES;
				GCC_WARN_ABOUT_RETURN_TYPE = YES_ERROR;
				GCC_WARN_UNDECLARED_SELECTOR = YES;
				GCC_WARN_UNINITIALIZED_AUTOS = YES_AGGRESSIVE;
				GCC_WARN_UNUSED_FUNCTION = YES;
				GCC_WARN_UNUSED_VARIABLE = YES;
				IPHONEOS_DEPLOYMENT_TARGET = 13.0;
				MTL_ENABLE_DEBUG_INFO = INCLUDE_SOURCE;
				MTL_FAST_MATH = YES;
				ONLY_ACTIVE_ARCH = YES;
				SDKROOT = iphoneos;
				SWIFT_ACTIVE_COMPILATION_CONDITIONS = DEBUG;
				SWIFT_OPTIMIZATION_LEVEL = "-Onone";
			};
			name = Debug;
		};
		384BC8FD23CCDE4F00BF22A7 /* Release */ = {
			isa = XCBuildConfiguration;
			buildSettings = {
				ALWAYS_SEARCH_USER_PATHS = NO;
				CLANG_ANALYZER_NONNULL = YES;
				CLANG_ANALYZER_NUMBER_OBJECT_CONVERSION = YES_AGGRESSIVE;
				CLANG_CXX_LANGUAGE_STANDARD = "gnu++14";
				CLANG_CXX_LIBRARY = "libc++";
				CLANG_ENABLE_MODULES = YES;
				CLANG_ENABLE_OBJC_ARC = YES;
				CLANG_ENABLE_OBJC_WEAK = YES;
				CLANG_WARN_BLOCK_CAPTURE_AUTORELEASING = YES;
				CLANG_WARN_BOOL_CONVERSION = YES;
				CLANG_WARN_COMMA = YES;
				CLANG_WARN_CONSTANT_CONVERSION = YES;
				CLANG_WARN_DEPRECATED_OBJC_IMPLEMENTATIONS = YES;
				CLANG_WARN_DIRECT_OBJC_ISA_USAGE = YES_ERROR;
				CLANG_WARN_DOCUMENTATION_COMMENTS = YES;
				CLANG_WARN_EMPTY_BODY = YES;
				CLANG_WARN_ENUM_CONVERSION = YES;
				CLANG_WARN_INFINITE_RECURSION = YES;
				CLANG_WARN_INT_CONVERSION = YES;
				CLANG_WARN_NON_LITERAL_NULL_CONVERSION = YES;
				CLANG_WARN_OBJC_IMPLICIT_RETAIN_SELF = YES;
				CLANG_WARN_OBJC_LITERAL_CONVERSION = YES;
				CLANG_WARN_OBJC_ROOT_CLASS = YES_ERROR;
				CLANG_WARN_RANGE_LOOP_ANALYSIS = YES;
				CLANG_WARN_STRICT_PROTOTYPES = YES;
				CLANG_WARN_SUSPICIOUS_MOVE = YES;
				CLANG_WARN_UNGUARDED_AVAILABILITY = YES_AGGRESSIVE;
				CLANG_WARN_UNREACHABLE_CODE = YES;
				CLANG_WARN__DUPLICATE_METHOD_MATCH = YES;
				COPY_PHASE_STRIP = NO;
				DEBUG_INFORMATION_FORMAT = "dwarf-with-dsym";
				ENABLE_NS_ASSERTIONS = NO;
				ENABLE_STRICT_OBJC_MSGSEND = YES;
				GCC_C_LANGUAGE_STANDARD = gnu11;
				GCC_NO_COMMON_BLOCKS = YES;
				GCC_WARN_64_TO_32_BIT_CONVERSION = YES;
				GCC_WARN_ABOUT_RETURN_TYPE = YES_ERROR;
				GCC_WARN_UNDECLARED_SELECTOR = YES;
				GCC_WARN_UNINITIALIZED_AUTOS = YES_AGGRESSIVE;
				GCC_WARN_UNUSED_FUNCTION = YES;
				GCC_WARN_UNUSED_VARIABLE = YES;
				IPHONEOS_DEPLOYMENT_TARGET = 13.0;
				MTL_ENABLE_DEBUG_INFO = NO;
				MTL_FAST_MATH = YES;
				SDKROOT = iphoneos;
				SWIFT_COMPILATION_MODE = wholemodule;
				SWIFT_OPTIMIZATION_LEVEL = "-O";
				VALIDATE_PRODUCT = YES;
			};
			name = Release;
		};
		384BC8FF23CCDE4F00BF22A7 /* Debug */ = {
			isa = XCBuildConfiguration;
			buildSettings = {
				ASSETCATALOG_COMPILER_APPICON_NAME = AppIcon;
				CODE_SIGN_STYLE = Automatic;
				DEVELOPMENT_TEAM = S648X26U8J;
				INFOPLIST_FILE = "$(SRCROOT)/Info.plist";
				LD_RUNPATH_SEARCH_PATHS = (
					"$(inherited)",
					"@executable_path/Frameworks",
				);
				PRODUCT_BUNDLE_IDENTIFIER = "com.popdeem.Github-Search-App";
				PRODUCT_NAME = "$(TARGET_NAME)";
				SWIFT_VERSION = 5.0;
				TARGETED_DEVICE_FAMILY = 1;
			};
			name = Debug;
		};
		384BC90023CCDE4F00BF22A7 /* Release */ = {
			isa = XCBuildConfiguration;
			buildSettings = {
				ASSETCATALOG_COMPILER_APPICON_NAME = AppIcon;
				CODE_SIGN_STYLE = Automatic;
				DEVELOPMENT_TEAM = S648X26U8J;
				INFOPLIST_FILE = "$(SRCROOT)/Info.plist";
				LD_RUNPATH_SEARCH_PATHS = (
					"$(inherited)",
					"@executable_path/Frameworks",
				);
				PRODUCT_BUNDLE_IDENTIFIER = "com.popdeem.Github-Search-App";
				PRODUCT_NAME = "$(TARGET_NAME)";
				SWIFT_VERSION = 5.0;
				TARGETED_DEVICE_FAMILY = 1;
			};
			name = Release;
		};
/* End XCBuildConfiguration section */

/* Begin XCConfigurationList section */
		384BC8E523CCDE4D00BF22A7 /* Build configuration list for PBXProject "Github-Search-App" */ = {
			isa = XCConfigurationList;
			buildConfigurations = (
				384BC8FC23CCDE4F00BF22A7 /* Debug */,
				384BC8FD23CCDE4F00BF22A7 /* Release */,
			);
			defaultConfigurationIsVisible = 0;
			defaultConfigurationName = Release;
		};
		384BC8FE23CCDE4F00BF22A7 /* Build configuration list for PBXNativeTarget "Github-Search-App" */ = {
			isa = XCConfigurationList;
			buildConfigurations = (
				384BC8FF23CCDE4F00BF22A7 /* Debug */,
				384BC90023CCDE4F00BF22A7 /* Release */,
			);
			defaultConfigurationIsVisible = 0;
			defaultConfigurationName = Release;
		};
/* End XCConfigurationList section */
	};
	rootObject = 384BC8E223CCDE4D00BF22A7 /* Project object */;
}
